
Microsoft Visual Studio Solution File, Format Version 12.00
# Visual Studio Version 18
VisualStudioVersion = 18.6.11822.322 stable
MinimumVisualStudioVersion = 10.0.40219.1
Project("{FAE04EC0-301F-11D3-BF4B-00C04F79EFBC}") = "DwarfsGui", "DwarfsGui.csproj", "{08EE3522-3EF7-0C2E-3091-0C1F7EE1A793}"
EndProject
Global
	GlobalSection(SolutionConfigurationPlatforms) = preSolution
		Debug|Any CPU = Debug|Any CPU
		Release|Any CPU = Release|Any CPU
	EndGlobalSection
	GlobalSection(ProjectConfigurationPlatforms) = postSolution
		{08EE3522-3EF7-0C2E-3091-0C1F7EE1A793}.Debug|Any CPU.ActiveCfg = Debug|Any CPU
		{08EE3522-3EF7-0C2E-3091-0C1F7EE1A793}.Debug|Any CPU.Build.0 = Debug|Any CPU
		{08EE3522-3EF7-0C2E-3091-0C1F7EE1A793}.Release|Any CPU.ActiveCfg = Release|Any CPU
		{08EE3522-3EF7-0C2E-3091-0C1F7EE1A793}.Release|Any CPU.Build.0 = Release|Any CPU
	EndGlobalSection
	GlobalSection(SolutionProperties) = preSolution
		HideSolutionNode = FALSE
	EndGlobalSection
	GlobalSection(ExtensibilityGlobals) = postSolution
		SolutionGuid = {640BF524-4A6E-44D4-9739-5E027B6A2C42}
	EndGlobalSection
EndGlobal
